// !$*UTF8*$!
{
	archiveVersion = 1;
	classes = {
	};
	objectVersion = 50;
	objects = {

/* Begin PBXBuildFile section */
		7F4DAE8A2473FE130022D872 /* AppDelegate.swift in Sources */ = {isa = PBXBuildFile; fileRef = 7F4DAE892473FE130022D872 /* AppDelegate.swift */; };
		7F4DAE8C2473FE130022D872 /* SceneDelegate.swift in Sources */ = {isa = PBXBuildFile; fileRef = 7F4DAE8B2473FE130022D872 /* SceneDelegate.swift */; };
		7F4DAE8E2473FE130022D872 /* ViewController.swift in Sources */ = {isa = PBXBuildFile; fileRef = 7F4DAE8D2473FE130022D872 /* ViewController.swift */; };
		7F4DAE912473FE130022D872 /* Main.storyboard in Resources */ = {isa = PBXBuildFile; fileRef = 7F4DAE8F2473FE130022D872 /* Main.storyboard */; };
		7F4DAE932473FE1B0022D872 /* Assets.xcassets in Resources */ = {isa = PBXBuildFile; fileRef = 7F4DAE922473FE1B0022D872 /* Assets.xcassets */; };
		7F4DAE962473FE1B0022D872 /* LaunchScreen.storyboard in Resources */ = {isa = PBXBuildFile; fileRef = 7F4DAE942473FE1B0022D872 /* LaunchScreen.storyboard */; };
		7F4DAE9E24752AA10022D872 /* SettingViewController.swift in Sources */ = {isa = PBXBuildFile; fileRef = 7F4DAE9D24752AA10022D872 /* SettingViewController.swift */; };
/* End PBXBuildFile section */

/* Begin PBXFileReference section */
		7F4DAE862473FE130022D872 /* MyTiimer.app */ = {isa = PBXFileReference; explicitFileType = wrapper.application; includeInIndex = 0; path = MyTiimer.app; sourceTree = BUILT_PRODUCTS_DIR; };
		7F4DAE892473FE130022D872 /* AppDelegate.swift */ = {isa = PBXFileReference; lastKnownFileType = sourcecode.swift; path = AppDelegate.swift; sourceTree = "<group>"; };
		7F4DAE8B2473FE130022D872 /* SceneDelegate.swift */ = {isa = PBXFileReference; lastKnownFileType = sourcecode.swift; path = SceneDelegate.swift; sourceTree = "<group>"; };
		7F4DAE8D2473FE130022D872 /* ViewController.swift */ = {isa = PBXFileReference; lastKnownFileType = sourcecode.swift; path = ViewController.swift; sourceTree = "<group>"; };
		7F4DAE902473FE130022D872 /* Base */ = {isa = PBXFileReference; lastKnownFileType = file.storyboard; name = Base; path = Base.lproj/Main.storyboard; sourceTree = "<group>"; };
		7F4DAE922473FE1B0022D872 /* Assets.xcassets */ = {isa = PBXFileReference; lastKnownFileType = folder.assetcatalog; path = Assets.xcassets; sourceTree = "<group>"; };
		7F4DAE952473FE1B0022D872 /* Base */ = {isa = PBXFileReference; lastKnownFileType = file.storyboard; name = Base; path = Base.lproj/LaunchScreen.storyboard; sourceTree = "<group>"; };
		7F4DAE972473FE1B0022D872 /* Info.plist */ = {isa = PBXFileReference; lastKnownFileType = text.plist.xml; path = Info.plist; sourceTree = "<group>"; };
		7F4DAE9D24752AA10022D872 /* SettingViewController.swift */ = {isa = PBXFileReference; lastKnownFileType = sourcecode.swift; path = SettingViewController.swift; sourceTree = SOURCE_ROOT; };
/* End PBXFileReference section */

/* Begin PBXFrameworksBuildPhase section */
		7F4DAE832473FE130022D872 /* Frameworks */ = {
			isa = PBXFrameworksBuildPhase;
			buildActionMask = 2147483647;
			files = (
			);
			runOnlyForDeploymentPostprocessing = 0;
		};
/* End PBXFrameworksBuildPhase section */

/* Begin PBXGroup section */
		7F4DAE7D2473FE130022D872 = {
			isa = PBXGroup;
			children = (
				7F4DAE882473FE130022D872 /* MyTiimer */,
				7F4DAE872473FE130022D872 /* Products */,
			);
			sourceTree = "<group>";
		};
		7F4DAE872473FE130022D872 /* Products */ = {
			isa = PBXGroup;
			children = (
				7F4DAE862473FE130022D872 /* MyTiimer.app */,
			);
			name = Products;
			sourceTree = "<group>";
		};
		7F4DAE882473FE130022D872 /* MyTiimer */ = {
			isa = PBXGroup;
			children = (
				7F4DAE9D24752AA10022D872 /* SettingViewController.swift */,
				7F4DAE892473FE130022D872 /* AppDelegate.swift */,
				7F4DAE8B2473FE130022D872 /* SceneDelegate.swift */,
				7F4DAE8D2473FE130022D872 /* ViewController.swift */,
				7F4DAE8F2473FE130022D872 /* Main.storyboard */,
				7F4DAE922473FE1B0022D872 /* Assets.xcassets */,
				7F4DAE942473FE1B0022D872 /* LaunchScreen.storyboard */,
				7F4DAE972473FE1B0022D872 /* Info.plist */,
			);
			path = MyTiimer;
			sourceTree = "<group>";
		};
/* End PBXGroup section */

/* Begin PBXNativeTarget section */
		7F4DAE852473FE130022D872 /* MyTiimer */ = {
			isa = PBXNativeTarget;
			buildConfigurationList = 7F4DAE9A2473FE1B0022D872 /* Build configuration list for PBXNativeTarget "MyTiimer" */;
			buildPhases = (
				7F4DAE822473FE130022D872 /* Sources */,
				7F4DAE832473FE130022D872 /* Frameworks */,
				7F4DAE842473FE130022D872 /* Resources */,
			);
			buildRules = (
			);
			dependencies = (
			);
			name = MyTiimer;
			productName = MyTiimer;
			productReference = 7F4DAE862473FE130022D872 /* MyTiimer.app */;
			productType = "com.apple.product-type.application";
		};
/* End PBXNativeTarget section */

/* Begin PBXProject section */
		7F4DAE7E2473FE130022D872 /* Project object */ = {
			isa = PBXProject;
			attributes = {
				LastSwiftUpdateCheck = 1140;
				LastUpgradeCheck = 1140;
				ORGANIZATIONNAME = "Swift-Beginners";
				TargetAttributes = {
					7F4DAE852473FE130022D872 = {
						CreatedOnToolsVersion = 11.4.1;
					};
				};
			};
			buildConfigurationList = 7F4DAE812473FE130022D872 /* Build configuration list for PBXProject "MyTiimer" */;
			compatibilityVersion = "Xcode 9.3";
			developmentRegion = en;
			hasScannedForEncodings = 0;
			knownRegions = (
				en,
				Base,
			);
			mainGroup = 7F4DAE7D2473FE130022D872;
			productRefGroup = 7F4DAE872473FE130022D872 /* Products */;
			projectDirPath = "";
			projectRoot = "";
			targets = (
				7F4DAE852473FE130022D872 /* MyTiimer */,
			);
		};
/* End PBXProject section */

/* Begin PBXResourcesBuildPhase section */
		7F4DAE842473FE130022D872 /* Resources */ = {
			isa = PBXResourcesBuildPhase;
			buildActionMask = 2147483647;
			files = (
				7F4DAE962473FE1B0022D872 /* LaunchScreen.storyboard in Resources */,
				7F4DAE932473FE1B0022D872 /* Assets.xcassets in Resources */,
				7F4DAE912473FE130022D872 /* Main.storyboard in Resources */,
			);
			runOnlyForDeploymentPostprocessing = 0;
		};
/* End PBXResourcesBuildPhase section */

/* Begin PBXSourcesBuildPhase section */
		7F4DAE822473FE130022D872 /* Sources */ = {
			isa = PBXSourcesBuildPhase;
			buildActionMask = 2147483647;
			files = (
				7F4DAE8E2473FE130022D872 /* ViewController.swift in Sources */,
				7F4DAE8A2473FE130022D872 /* AppDelegate.swift in Sources */,
				7F4DAE8C2473FE130022D872 /* SceneDelegate.swift in Sources */,
				7F4DAE9E24752AA10022D872 /* SettingViewController.swift in Sources */,
			);
			runOnlyForDeploymentPostprocessing = 0;
		};
/* End PBXSourcesBuildPhase section */

/* Begin PBXVariantGroup section */
		7F4DAE8F2473FE130022D872 /* Main.storyboard */ = {
			isa = PBXVariantGroup;
			children = (
				7F4DAE902473FE130022D872 /* Base */,
			);
			name = Main.storyboard;
			sourceTree = "<group>";
		};
		7F4DAE942473FE1B0022D872 /* LaunchScreen.storyboard */ = {
			isa = PBXVariantGroup;
			children = (
				7F4DAE952473FE1B0022D872 /* Base */,
			);
			name = LaunchScreen.storyboard;
			sourceTree = "<group>";
		};
/* End PBXVariantGroup section */

/* Begin XCBuildConfiguration section */
		7F4DAE982473FE1B0022D872 /* Debug */ = {
			isa = XCBuildConfiguration;
			buildSettings = {
				ALWAYS_SEARCH_USER_PATHS = NO;
				CLANG_ANALYZER_NONNULL = YES;
				CLANG_ANALYZER_NUMBER_OBJECT_CONVERSION = YES_AGGRESSIVE;
				CLANG_CXX_LANGUAGE_STANDARD = "gnu++14";
				CLANG_CXX_LIBRARY = "libc++";
				CLANG_ENABLE_MODULES = YES;
				CLANG_ENABLE_OBJC_ARC = YES;
				CLANG_ENABLE_OBJC_WEAK = YES;
				CLANG_WARN_BLOCK_CAPTURE_AUTORELEASING = YES;
				CLANG_WARN_BOOL_CONVERSION = YES;
				CLANG_WARN_COMMA = YES;
				CLANG_WARN_CONSTANT_CONVERSION = YES;
				CLANG_WARN_DEPRECATED_OBJC_IMPLEMENTATIONS = YES;
				CLANG_WARN_DIRECT_OBJC_ISA_USAGE = YES_ERROR;
				CLANG_WARN_DOCUMENTATION_COMMENTS = YES;
				CLANG_WARN_EMPTY_BODY = YES;
				CLANG_WARN_ENUM_CONVERSION = YES;
				CLANG_WARN_INFINITE_RECURSION = YES;
				CLANG_WARN_INT_CONVERSION = YES;
				CLANG_WARN_NON_LITERAL_NULL_CONVERSION = YES;
				CLANG_WARN_OBJC_IMPLICIT_RETAIN_SELF = YES;
				CLANG_WARN_OBJC_LITERAL_CONVERSION = YES;
				CLANG_WARN_OBJC_ROOT_CLASS = YES_ERROR;
				CLANG_WARN_RANGE_LOOP_ANALYSIS = YES;
				CLANG_WARN_STRICT_PROTOTYPES = YES;
				CLANG_WARN_SUSPICIOUS_MOVE = YES;
				CLANG_WARN_UNGUARDED_AVAILABILITY = YES_AGGRESSIVE;
				CLANG_WARN_UNREACHABLE_CODE = YES;
				CLANG_WARN__DUPLICATE_METHOD_MATCH = YES;
				COPY_PHASE_STRIP = NO;
				DEBUG_INFORMATION_FORMAT = dwarf;
				ENABLE_STRICT_OBJC_MSGSEND = YES;
				ENABLE_TESTABILITY = YES;
				GCC_C_LANGUAGE_STANDARD = gnu11;
				GCC_DYNAMIC_NO_PIC = NO;
				GCC_NO_COMMON_BLOCKS = YES;
				GCC_OPTIMIZATION_LEVEL = 0;
				GCC_PREPROCESSOR_DEFINITIONS = (
					"DEBUG=1",
					"$(inherited)",
				);
				GCC_WARN_64_TO_32_BIT_CONVERSION = YES;
				GCC_WARN_ABOUT_RETURN_TYPE = YES_ERROR;
				GCC_WARN_UNDECLARED_SELECTOR = YES;
				GCC_WARN_UNINITIALIZED_AUTOS = YES_AGGRESSIVE;
				GCC_WARN_UNUSED_FUNCTION = YES;
				GCC_WARN_UNUSED_VARIABLE = YES;
				IPHONEOS_DEPLOYMENT_TARGET = 13.4;
				MTL_ENABLE_DEBUG_INFO = INCLUDE_SOURCE;
				MTL_FAST_MATH = YES;
				ONLY_ACTIVE_ARCH = YES;
				SDKROOT = iphoneos;
				SWIFT_ACTIVE_COMPILATION_CONDITIONS = DEBUG;
				SWIFT_OPTIMIZATION_LEVEL = "-Onone";
			};
			name = Debug;
		};
		7F4DAE992473FE1B0022D872 /* Release */ = {
			isa = XCBuildConfiguration;
			buildSettings = {
				ALWAYS_SEARCH_USER_PATHS = NO;
				CLANG_ANALYZER_NONNULL = YES;
				CLANG_ANALYZER_NUMBER_OBJECT_CONVERSION = YES_AGGRESSIVE;
				CLANG_CXX_LANGUAGE_STANDARD = "gnu++14";
				CLANG_CXX_LIBRARY = "libc++";
				CLANG_ENABLE_MODULES = YES;
				CLANG_ENABLE_OBJC_ARC = YES;
				CLANG_ENABLE_OBJC_WEAK = YES;
				CLANG_WARN_BLOCK_CAPTURE_AUTORELEASING = YES;
				CLANG_WARN_BOOL_CONVERSION = YES;
				CLANG_WARN_COMMA = YES;
				CLANG_WARN_CONSTANT_CONVERSION = YES;
				CLANG_WARN_DEPRECATED_OBJC_IMPLEMENTATIONS = YES;
				CLANG_WARN_DIRECT_OBJC_ISA_USAGE = YES_ERROR;
				CLANG_WARN_DOCUMENTATION_COMMENTS = YES;
				CLANG_WARN_EMPTY_BODY = YES;
				CLANG_WARN_ENUM_CONVERSION = YES;
				CLANG_WARN_INFINITE_RECURSION = YES;
				CLANG_WARN_INT_CONVERSION = YES;
				CLANG_WARN_NON_LITERAL_NULL_CONVERSION = YES;
				CLANG_WARN_OBJC_IMPLICIT_RETAIN_SELF = YES;
				CLANG_WARN_OBJC_LITERAL_CONVERSION = YES;
				CLANG_WARN_OBJC_ROOT_CLASS = YES_ERROR;
				CLANG_WARN_RANGE_LOOP_ANALYSIS = YES;
				CLANG_WARN_STRICT_PROTOTYPES = YES;
				CLANG_WARN_SUSPICIOUS_MOVE = YES;
				CLANG_WARN_UNGUARDED_AVAILABILITY = YES_AGGRESSIVE;
				CLANG_WARN_UNREACHABLE_CODE = YES;
				CLANG_WARN__DUPLICATE_METHOD_MATCH = YES;
				COPY_PHASE_STRIP = NO;
				DEBUG_INFORMATION_FORMAT = "dwarf-with-dsym";
				ENABLE_NS_ASSERTIONS = NO;
				ENABLE_STRICT_OBJC_MSGSEND = YES;
				GCC_C_LANGUAGE_STANDARD = gnu11;
				GCC_NO_COMMON_BLOCKS = YES;
				GCC_WARN_64_TO_32_BIT_CONVERSION = YES;
				GCC_WARN_ABOUT_RETURN_TYPE = YES_ERROR;
				GCC_WARN_UNDECLARED_SELECTOR = YES;
				GCC_WARN_UNINITIALIZED_AUTOS = YES_AGGRESSIVE;
				GCC_WARN_UNUSED_FUNCTION = YES;
				GCC_WARN_UNUSED_VARIABLE = YES;
				IPHONEOS_DEPLOYMENT_TARGET = 13.4;
				MTL_ENABLE_DEBUG_INFO = NO;
				MTL_FAST_MATH = YES;
				SDKROOT = iphoneos;
				SWIFT_COMPILATION_MODE = wholemodule;
				SWIFT_OPTIMIZATION_LEVEL = "-O";
				VALIDATE_PRODUCT = YES;
			};
			name = Release;
		};
		7F4DAE9B2473FE1B0022D872 /* Debug */ = {
			isa = XCBuildConfiguration;
			buildSettings = {
				ASSETCATALOG_COMPILER_APPICON_NAME = AppIcon;
				CODE_SIGN_STYLE = Automatic;
				DEVELOPMENT_TEAM = 43BCL9F5JZ;
				INFOPLIST_FILE = MyTiimer/Info.plist;
				LD_RUNPATH_SEARCH_PATHS = (
					"$(inherited)",
					"@executable_path/Frameworks",
				);
				PRODUCT_BUNDLE_IDENTIFIER = jp.ac.doshishia.dwc.gwk126.MyTiimer;
				PRODUCT_NAME = "$(TARGET_NAME)";
				SWIFT_VERSION = 5.0;
				TARGETED_DEVICE_FAMILY = "1,2";
			};
			name = Debug;
		};
		7F4DAE9C2473FE1B0022D872 /* Release */ = {
			isa = XCBuildConfiguration;
			buildSettings = {
				ASSETCATALOG_COMPILER_APPICON_NAME = AppIcon;
				CODE_SIGN_STYLE = Automatic;
				DEVELOPMENT_TEAM = 43BCL9F5JZ;
				INFOPLIST_FILE = MyTiimer/Info.plist;
				LD_RUNPATH_SEARCH_PATHS = (
					"$(inherited)",
					"@executable_path/Frameworks",
				);
				PRODUCT_BUNDLE_IDENTIFIER = jp.ac.doshishia.dwc.gwk126.MyTiimer;
				PRODUCT_NAME = "$(TARGET_NAME)";
				SWIFT_VERSION = 5.0;
				TARGETED_DEVICE_FAMILY = "1,2";
			};
			name = Release;
		};
/* End XCBuildConfiguration section */

/* Begin XCConfigurationList section */
		7F4DAE812473FE130022D872 /* Build configuration list for PBXProject "MyTiimer" */ = {
			isa = XCConfigurationList;
			buildConfigurations = (
				7F4DAE982473FE1B0022D872 /* Debug */,
				7F4DAE992473FE1B0022D872 /* Release */,
			);
			defaultConfigurationIsVisible = 0;
			defaultConfigurationName = Release;
		};
		7F4DAE9A2473FE1B0022D872 /* Build configuration list for PBXNativeTarget "MyTiimer" */ = {
			isa = XCConfigurationList;
			buildConfigurations = (
				7F4DAE9B2473FE1B0022D872 /* Debug */,
				7F4DAE9C2473FE1B0022D872 /* Release */,
			);
			defaultConfigurationIsVisible = 0;
			defaultConfigurationName = Release;
		};
/* End XCConfigurationList section */
	};
	rootObject = 7F4DAE7E2473FE130022D872 /* Project object */;
}
